
Microsoft Visual Studio Solution File, Format Version 12.00
Project("{FAE04EC0-301F-11D3-BF4B-00C04F79EFBC}") = "SpeechCatalogMediatR", "SpeechCatalogMediatR\SpeechCatalogMediatR.csproj", "{C2CF5D33-0BFF-4C83-B29F-E647DCB64C7B}"
EndProject
Global
	GlobalSection(SolutionConfigurationPlatforms) = preSolution
		Debug|Any CPU = Debug|Any CPU
		Release|Any CPU = Release|Any CPU
	EndGlobalSection
	GlobalSection(ProjectConfigurationPlatforms) = postSolution
		{C2CF5D33-0BFF-4C83-B29F-E647DCB64C7B}.Debug|Any CPU.ActiveCfg = Debug|Any CPU
		{C2CF5D33-0BFF-4C83-B29F-E647DCB64C7B}.Debug|Any CPU.Build.0 = Debug|Any CPU
		{C2CF5D33-0BFF-4C83-B29F-E647DCB64C7B}.Release|Any CPU.ActiveCfg = Release|Any CPU
		{C2CF5D33-0BFF-4C83-B29F-E647DCB64C7B}.Release|Any CPU.Build.0 = Release|Any CPU
	EndGlobalSection
EndGlobal
